{
    "_readme": [
        "This file locks the dependencies of your project to a known state",
        "Read more about it at https://getcomposer.org/doc/01-basic-usage.md#composer-lock-the-lock-file",
        "This file is @generated automatically"
    ],
    "content-hash": "f714a272cf7340d76fa55ff6b2acb3ce",
    "packages": [
        {
            "name": "ied3vil/language-switcher",
            "version": "1.1.0",
            "source": {
                "type": "git",
                "url": "https://github.com/ied3vil/LanguageSwitcher.git",
                "reference": "a8943347d34058c9b172fbb4f8b81da8e8342462"
            },
            "dist": {
                "type": "zip",
                "url": "https://api.github.com/repos/ied3vil/LanguageSwitcher/zipball/a8943347d34058c9b172fbb4f8b81da8e8342462",
                "reference": "a8943347d34058c9b172fbb4f8b81da8e8342462",
                "shasum": ""
            },
            "require": {
                "php": ">=5.3.0"
            },
            "type": "package",
            "autoload": {
                "psr-4": {
                    "ied3vil\\": "src/ied3vil/"
                }
            },
            "notification-url": "https://packagist.org/downloads/",
            "license": [
                "Apache 2.0"
            ],
            "authors": [
                {
                    "name": "Razvan-Cristian Marian",
                    "email": "ied3vil@gmail.com",
                    "homepage": "http://www.ied3vil.com",
                    "role": "Developer"
                }
            ],
            "description": "Laravel Language Switcher",
            "homepage": "https://github.com/ied3vil/language-switcher",
            "keywords": [
                "language",
                "laravel",
                "php",
                "switcher"
            ],
            "time": "2016-07-17T10:31:35+00:00"
        }
    ],
    "packages-dev": [],
    "aliases": [],
    "minimum-stability": "stable",
    "stability-flags": [],
    "prefer-stable": false,
    "prefer-lowest": false,
    "platform": [],
    "platform-dev": []
}
